
Microsoft Visual Studio Solution File, Format Version 12.00
# Visual Studio 2017
Project("{FAE04EC0-301F-11D3-BF4B-00C04F79EFBC}") = "TabletVRtest", "TabletVRtest.csproj", "{B8EE35F0-5C1A-FE69-9833-02181812133C}"
EndProject
Global
	GlobalSection(SolutionConfigurationPlatforms) = preSolution
		Debug|Any CPU = Debug|Any CPU
		Release|Any CPU = Release|Any CPU
	EndGlobalSection
	GlobalSection(ProjectConfigurationPlatforms) = postSolution
		{B8EE35F0-5C1A-FE69-9833-02181812133C}.Debug|Any CPU.ActiveCfg = Debug|Any CPU
		{B8EE35F0-5C1A-FE69-9833-02181812133C}.Debug|Any CPU.Build.0 = Debug|Any CPU
		{B8EE35F0-5C1A-FE69-9833-02181812133C}.Release|Any CPU.ActiveCfg = Release|Any CPU
		{B8EE35F0-5C1A-FE69-9833-02181812133C}.Release|Any CPU.Build.0 = Release|Any CPU
	EndGlobalSection
	GlobalSection(SolutionProperties) = preSolution
		HideSolutionNode = FALSE
	EndGlobalSection
EndGlobal
